
Microsoft Visual Studio Solution File, Format Version 12.00
# Visual Studio Version 16
VisualStudioVersion = 16.0.32901.82
MinimumVisualStudioVersion = 10.0.40219.1
Project("{2150E333-8FDC-42A3-9474-1A3956D46DE8}") = "main", "main", "{AC93C10C-62DC-4FF8-A046-255780D126DA}"
EndProject
Project("{9A19103F-16F7-4668-BE54-9A1E7A4F7556}") = "Microservice.TaskManagement.Api", "Microservice.TaskManagement.Api\Microservice.TaskManagement.Api.csproj", "{1BFB4B87-7025-4E95-90B5-94A60CC4BAEF}"
EndProject
Project("{9A19103F-16F7-4668-BE54-9A1E7A4F7556}") = "Microservice.TaskManagement.Domain", "Microservice.TaskManagement.Domain\Microservice.TaskManagement.Domain.csproj", "{4CA9F5BB-6A86-4AA1-BFE6-E36149187DBC}"
EndProject
Project("{9A19103F-16F7-4668-BE54-9A1E7A4F7556}") = "Microservice.TaskManagement.Persistence", "Microservice.TaskManagement.Persistence\Microservice.TaskManagement.Persistence.csproj", "{2B8FCF84-2C43-40C2-B96C-DA446F995006}"
EndProject
Project("{9A19103F-16F7-4668-BE54-9A1E7A4F7556}") = "Microservice.TaskManagement.Application", "Microservice.TaskManagement.Application\Microservice.TaskManagement.Application.csproj", "{6FEF897A-6A67-418C-98D7-8518C54792EF}"
EndProject
Project("{FAE04EC0-301F-11D3-BF4B-00C04F79EFBC}") = "Microservice.TaskManagement.Infrastructure", "Microservice.TaskManagement.Infrastructure\Microservice.TaskManagement.Infrastructure.csproj", "{4AA5AEC2-4DFC-4EE2-B208-824DA9534DFE}"
EndProject
Global
	GlobalSection(SolutionConfigurationPlatforms) = preSolution
		Debug|Any CPU = Debug|Any CPU
		Release|Any CPU = Release|Any CPU
	EndGlobalSection
	GlobalSection(ProjectConfigurationPlatforms) = postSolution
		{1BFB4B87-7025-4E95-90B5-94A60CC4BAEF}.Debug|Any CPU.ActiveCfg = Debug|Any CPU
		{1BFB4B87-7025-4E95-90B5-94A60CC4BAEF}.Debug|Any CPU.Build.0 = Debug|Any CPU
		{1BFB4B87-7025-4E95-90B5-94A60CC4BAEF}.Release|Any CPU.ActiveCfg = Release|Any CPU
		{1BFB4B87-7025-4E95-90B5-94A60CC4BAEF}.Release|Any CPU.Build.0 = Release|Any CPU
		{4CA9F5BB-6A86-4AA1-BFE6-E36149187DBC}.Debug|Any CPU.ActiveCfg = Debug|Any CPU
		{4CA9F5BB-6A86-4AA1-BFE6-E36149187DBC}.Debug|Any CPU.Build.0 = Debug|Any CPU
		{4CA9F5BB-6A86-4AA1-BFE6-E36149187DBC}.Release|Any CPU.ActiveCfg = Release|Any CPU
		{4CA9F5BB-6A86-4AA1-BFE6-E36149187DBC}.Release|Any CPU.Build.0 = Release|Any CPU
		{2B8FCF84-2C43-40C2-B96C-DA446F995006}.Debug|Any CPU.ActiveCfg = Debug|Any CPU
		{2B8FCF84-2C43-40C2-B96C-DA446F995006}.Debug|Any CPU.Build.0 = Debug|Any CPU
		{2B8FCF84-2C43-40C2-B96C-DA446F995006}.Release|Any CPU.ActiveCfg = Release|Any CPU
		{2B8FCF84-2C43-40C2-B96C-DA446F995006}.Release|Any CPU.Build.0 = Release|Any CPU
		{6FEF897A-6A67-418C-98D7-8518C54792EF}.Debug|Any CPU.ActiveCfg = Debug|Any CPU
		{6FEF897A-6A67-418C-98D7-8518C54792EF}.Debug|Any CPU.Build.0 = Debug|Any CPU
		{6FEF897A-6A67-418C-98D7-8518C54792EF}.Release|Any CPU.ActiveCfg = Release|Any CPU
		{6FEF897A-6A67-418C-98D7-8518C54792EF}.Release|Any CPU.Build.0 = Release|Any CPU
		{4AA5AEC2-4DFC-4EE2-B208-824DA9534DFE}.Debug|Any CPU.ActiveCfg = Debug|Any CPU
		{4AA5AEC2-4DFC-4EE2-B208-824DA9534DFE}.Debug|Any CPU.Build.0 = Debug|Any CPU
		{4AA5AEC2-4DFC-4EE2-B208-824DA9534DFE}.Release|Any CPU.ActiveCfg = Release|Any CPU
		{4AA5AEC2-4DFC-4EE2-B208-824DA9534DFE}.Release|Any CPU.Build.0 = Release|Any CPU
	EndGlobalSection
	GlobalSection(SolutionProperties) = preSolution
		HideSolutionNode = FALSE
	EndGlobalSection
	GlobalSection(NestedProjects) = preSolution
		{1BFB4B87-7025-4E95-90B5-94A60CC4BAEF} = {AC93C10C-62DC-4FF8-A046-255780D126DA}
		{4CA9F5BB-6A86-4AA1-BFE6-E36149187DBC} = {AC93C10C-62DC-4FF8-A046-255780D126DA}
		{2B8FCF84-2C43-40C2-B96C-DA446F995006} = {AC93C10C-62DC-4FF8-A046-255780D126DA}
		{6FEF897A-6A67-418C-98D7-8518C54792EF} = {AC93C10C-62DC-4FF8-A046-255780D126DA}
		{4AA5AEC2-4DFC-4EE2-B208-824DA9534DFE} = {AC93C10C-62DC-4FF8-A046-255780D126DA}
	EndGlobalSection
	GlobalSection(ExtensibilityGlobals) = postSolution
		SolutionGuid = {9DD36B82-7DFC-4BCD-9655-96F09D75A64C}
	EndGlobalSection
EndGlobal
